<?xml version="1.0" encoding="utf-8"?>
<Project ToolsVersion="4.0" xmlns="http://schemas.microsoft.com/developer/msbuild/2003">
  <ItemGroup>
    <Filter Include="WebType">
      <UniqueIdentifier>{bc999fb6-d7a8-4064-a246-6177e78b1c85}</UniqueIdentifier>
    </Filter>
    <Filter Include="VariableLengthQuantity">
      <UniqueIdentifier>{e559c9e2-3b8f-4825-8dc8-9556721b3330}</UniqueIdentifier>
    </Filter>
    <Filter Include="Unicode">
      <UniqueIdentifier>{ead493e5-1e5d-4b41-b9d8-521636c09cc0}</UniqueIdentifier>
    </Filter>
    <Filter Include="SimpleFlatMap">
      <UniqueIdentifier>{649accdc-956b-4d72-87d5-d56ce0e35f94}</UniqueIdentifier>
    </Filter>
    <Filter Include="File Processing">
      <UniqueIdentifier>{a0941514-84c4-43ef-94be-e1759a287d64}</UniqueIdentifier>
    </Filter>
    <Filter Include="File Processing\FileWriter">
      <UniqueIdentifier>{6f4fb3b2-e926-4122-9849-c8c8e82ba840}</UniqueIdentifier>
    </Filter>
    <Filter Include="File Processing\FileReader">
      <UniqueIdentifier>{f173f4f3-2422-4436-9999-ddc3a82b0cb9}</UniqueIdentifier>
    </Filter>
    <Filter Include="Notes">
      <UniqueIdentifier>{b73625dd-82e1-40b8-95c1-bfdcf3fda9bd}</UniqueIdentifier>
    </Filter>
    <Filter Include="Song">
      <UniqueIdentifier>{e37647ea-bb4b-43df-9823-2cf29a07faa3}</UniqueIdentifier>
    </Filter>
    <Filter Include="Song\Tracks">
      <UniqueIdentifier>{e40c1aa8-c286-4cc3-add0-071302e55561}</UniqueIdentifier>
    </Filter>
    <Filter Include="Song\Tracks\VocalTrack">
      <UniqueIdentifier>{dab7a1a6-e119-4fc1-84a8-fe4d337ea647}</UniqueIdentifier>
    </Filter>
    <Filter Include="Song\Tracks\InstrumentalTrack">
      <UniqueIdentifier>{819b136d-f0d6-40a8-9e93-a2a1aa79727f}</UniqueIdentifier>
    </Filter>
    <Filter Include="Song\Tracks\InstrumentalTrack\Midi">
      <UniqueIdentifier>{92d3d4e3-5004-49f8-b2fa-d7f2c7f1ac76}</UniqueIdentifier>
    </Filter>
    <Filter Include="Song\Tracks\InstrumentalTrack\DifficultyTrack">
      <UniqueIdentifier>{2d3ff5d6-5a26-49a6-b35b-360f5f50e2e7}</UniqueIdentifier>
    </Filter>
    <Filter Include="TempoMap">
      <UniqueIdentifier>{541496ce-0c36-4fe3-a690-3d96f9abf197}</UniqueIdentifier>
    </Filter>
  </ItemGroup>
  <ItemGroup>
    <ClCompile Include="File Processing\FileReader.cpp">
      <Filter>File Processing\FileReader</Filter>
    </ClCompile>
    <ClCompile Include="File Processing\MidiFileReader.cpp">
      <Filter>File Processing\FileReader</Filter>
    </ClCompile>
    <ClCompile Include="File Processing\TxtFileReader.cpp">
      <Filter>File Processing\FileReader</Filter>
    </ClCompile>
    <ClCompile Include="File Processing\BCHFileReader.cpp">
      <Filter>File Processing\FileReader</Filter>
    </ClCompile>
    <ClCompile Include="File Processing\VariableLengthQuantity.cpp">
      <Filter>VariableLengthQuantity</Filter>
    </ClCompile>
    <ClCompile Include="Main.cpp" />
    <ClCompile Include="Unicode\UnicodeString.cpp">
      <Filter>Unicode</Filter>
    </ClCompile>
    <ClCompile Include="Unicode\utf_utils.cpp">
      <Filter>Unicode</Filter>
    </ClCompile>
    <ClCompile Include="WebType\WebType.cpp">
      <Filter>WebType</Filter>
    </ClCompile>
    <ClCompile Include="Track Collection\Song.cpp">
      <Filter>Song</Filter>
    </ClCompile>
    <ClCompile Include="Track Collection\Song_cht.cpp">
      <Filter>Song</Filter>
    </ClCompile>
    <ClCompile Include="Track Collection\Song_bch.cpp">
      <Filter>Song</Filter>
    </ClCompile>
    <ClCompile Include="Track Collection\Song_mid.cpp">
      <Filter>Song</Filter>
    </ClCompile>
    <ClCompile Include="Track Collection\Tracks\Instrumental\DrumTrack_midi.cpp">
      <Filter>Song\Tracks\InstrumentalTrack\Midi</Filter>
    </ClCompile>
    <ClCompile Include="Track Collection\Tracks\Instrumental\GuitarTrack_midi.cpp">
      <Filter>Song\Tracks\InstrumentalTrack\Midi</Filter>
    </ClCompile>
    <ClCompile Include="Track Collection\Tracks\Instrumental\InstrumentalTrack_DrumsLegacy.cpp">
      <Filter>Song\Tracks\InstrumentalTrack</Filter>
    </ClCompile>
    <ClCompile Include="Notes\VocalNote.cpp">
      <Filter>Notes</Filter>
    </ClCompile>
    <ClCompile Include="Notes\VocalPercussion.cpp">
      <Filter>Notes</Filter>
    </ClCompile>
    <ClCompile Include="File Processing\SpecialPhrase.cpp">
      <Filter>File Processing</Filter>
    </ClCompile>
    <ClCompile Include="File Processing\ChtFileWriter.cpp">
      <Filter>File Processing\FileWriter</Filter>
    </ClCompile>
    <ClCompile Include="File Processing\BCHFileWriter.cpp">
      <Filter>File Processing\FileWriter</Filter>
    </ClCompile>
  </ItemGroup>
  <ItemGroup>
    <ClInclude Include="File Processing\FileReader.h">
      <Filter>File Processing\FileReader</Filter>
    </ClInclude>
    <ClInclude Include="File Processing\BinaryFileReader.h">
      <Filter>File Processing\FileReader</Filter>
    </ClInclude>
    <ClInclude Include="File Processing\MidiFileReader.h">
      <Filter>File Processing\FileReader</Filter>
    </ClInclude>
    <ClInclude Include="File Processing\TxtFileReader.h">
      <Filter>File Processing\FileReader</Filter>
    </ClInclude>
    <ClInclude Include="File Processing\BCHFileReader.h">
      <Filter>File Processing\FileReader</Filter>
    </ClInclude>
    <ClInclude Include="File Processing\VariableLengthQuantity.h">
      <Filter>VariableLengthQuantity</Filter>
    </ClInclude>
    <ClInclude Include="Unicode\UnicodeString.h">
      <Filter>Unicode</Filter>
    </ClInclude>
    <ClInclude Include="Unicode\utf_utils.h">
      <Filter>Unicode</Filter>
    </ClInclude>
    <ClInclude Include="WebType\WebType.h">
      <Filter>WebType</Filter>
    </ClInclude>
    <ClInclude Include="SimpleFlatMap\SimpleFlatMap.h">
      <Filter>SimpleFlatMap</Filter>
    </ClInclude>
    <ClInclude Include="Notes\Notes.h">
      <Filter>Notes</Filter>
    </ClInclude>
    <ClInclude Include="Notes\Notes_Special.h">
      <Filter>Notes</Filter>
    </ClInclude>
    <ClInclude Include="Notes\GuitarNote.h">
      <Filter>Notes</Filter>
    </ClInclude>
    <ClInclude Include="Notes\DrumNote.h">
      <Filter>Notes</Filter>
    </ClInclude>
    <ClInclude Include="Track Collection\Song.h">
      <Filter>Song</Filter>
    </ClInclude>
    <ClInclude Include="Notes\Keys.h">
      <Filter>Notes</Filter>
    </ClInclude>
    <ClInclude Include="Notes\NoteColor.h">
      <Filter>Notes</Filter>
    </ClInclude>
    <ClInclude Include="Notes\DrumNote_Legacy.h">
      <Filter>Notes</Filter>
    </ClInclude>
    <ClInclude Include="File Processing\BinaryFileWriter.h">
      <Filter>File Processing\FileWriter</Filter>
    </ClInclude>
    <ClInclude Include="File Processing\ChtFileWriter.h">
      <Filter>File Processing\FileWriter</Filter>
    </ClInclude>
    <ClInclude Include="File Processing\CommonChartParser.h">
      <Filter>File Processing\FileReader</Filter>
    </ClInclude>
    <ClInclude Include="File Processing\CommonChartWriter.h">
      <Filter>File Processing\FileWriter</Filter>
    </ClInclude>
    <ClInclude Include="File Processing\CommonChartTypes.h">
      <Filter>File Processing</Filter>
    </ClInclude>
    <ClInclude Include="Track Collection\Tracks\Track.h">
      <Filter>Song\Tracks</Filter>
    </ClInclude>
    <ClInclude Include="Track Collection\Tracks\Vocal\VocalTrack.h">
      <Filter>Song\Tracks\VocalTrack</Filter>
    </ClInclude>
    <ClInclude Include="Track Collection\Tracks\Vocal\VocalTrack_midi.h">
      <Filter>Song\Tracks\VocalTrack</Filter>
    </ClInclude>
    <ClInclude Include="Track Collection\Tracks\Instrumental\DifficultyTrack.h">
      <Filter>Song\Tracks\InstrumentalTrack\DifficultyTrack</Filter>
    </ClInclude>
    <ClInclude Include="Track Collection\Tracks\Instrumental\DrumTrack_midi.h">
      <Filter>Song\Tracks\InstrumentalTrack\Midi</Filter>
    </ClInclude>
    <ClInclude Include="Track Collection\Tracks\Instrumental\GuitarTrack_midi.h">
      <Filter>Song\Tracks\InstrumentalTrack\Midi</Filter>
    </ClInclude>
    <ClInclude Include="Track Collection\Tracks\Instrumental\InstrumentalTrack_Midi.h">
      <Filter>Song\Tracks\InstrumentalTrack\Midi</Filter>
    </ClInclude>
    <ClInclude Include="Track Collection\Tracks\Instrumental\InstrumentalTrack.h">
      <Filter>Song\Tracks\InstrumentalTrack</Filter>
    </ClInclude>
    <ClInclude Include="Track Collection\Tracks\Instrumental\InstrumentalTrack_DrumsLegacy.h">
      <Filter>Song\Tracks\InstrumentalTrack</Filter>
    </ClInclude>
    <ClInclude Include="Notes\VocalNote.h">
      <Filter>Notes</Filter>
    </ClInclude>
    <ClInclude Include="Notes\VocalPercussion.h">
      <Filter>Notes</Filter>
    </ClInclude>
    <ClInclude Include="File Processing\SpecialPhrase.h">
      <Filter>File Processing</Filter>
    </ClInclude>
    <ClInclude Include="File Processing\TxtFileWriter.h">
      <Filter>File Processing\FileWriter</Filter>
    </ClInclude>
    <ClInclude Include="File Processing\ChtConstants.h">
      <Filter>File Processing</Filter>
    </ClInclude>
    <ClInclude Include="File Processing\BCHFileWriter.h">
      <Filter>File Processing\FileWriter</Filter>
    </ClInclude>
    <ClInclude Include="File Processing\Pitch.h">
      <Filter>File Processing</Filter>
    </ClInclude>
    <ClInclude Include="File Processing\NoteName.h">
      <Filter>File Processing</Filter>
    </ClInclude>
    <ClInclude Include="File Processing\TimeSig.h">
      <Filter>TempoMap</Filter>
    </ClInclude>
    <ClInclude Include="Track Collection\MicrosPerQuarter.h">
      <Filter>TempoMap</Filter>
    </ClInclude>
  </ItemGroup>
  <ItemGroup>
    <Natvis Include="Unicode\UnicodeString.natvis">
      <Filter>Unicode</Filter>
    </Natvis>
  </ItemGroup>
</Project>