<?xml version="1.0" encoding="utf-8"?>
<Project ToolsVersion="4.0" xmlns="http://schemas.microsoft.com/developer/msbuild/2003">
  <ItemGroup>
    <Filter Include="Unicode">
      <UniqueIdentifier>{ead493e5-1e5d-4b41-b9d8-521636c09cc0}</UniqueIdentifier>
    </Filter>
    <Filter Include="SimpleFlatMap">
      <UniqueIdentifier>{649accdc-956b-4d72-87d5-d56ce0e35f94}</UniqueIdentifier>
    </Filter>
    <Filter Include="Serialization">
      <UniqueIdentifier>{a0941514-84c4-43ef-94be-e1759a287d64}</UniqueIdentifier>
    </Filter>
    <Filter Include="Serialization\FileWriter">
      <UniqueIdentifier>{6f4fb3b2-e926-4122-9849-c8c8e82ba840}</UniqueIdentifier>
    </Filter>
    <Filter Include="Serialization\FileReader">
      <UniqueIdentifier>{f173f4f3-2422-4436-9999-ddc3a82b0cb9}</UniqueIdentifier>
    </Filter>
    <Filter Include="Notes">
      <UniqueIdentifier>{b73625dd-82e1-40b8-95c1-bfdcf3fda9bd}</UniqueIdentifier>
    </Filter>
    <Filter Include="Song">
      <UniqueIdentifier>{e37647ea-bb4b-43df-9823-2cf29a07faa3}</UniqueIdentifier>
    </Filter>
    <Filter Include="Song\Tracks">
      <UniqueIdentifier>{e40c1aa8-c286-4cc3-add0-071302e55561}</UniqueIdentifier>
    </Filter>
    <Filter Include="Song\Tracks\VocalTrack">
      <UniqueIdentifier>{dab7a1a6-e119-4fc1-84a8-fe4d337ea647}</UniqueIdentifier>
    </Filter>
    <Filter Include="Song\Tracks\InstrumentalTrack">
      <UniqueIdentifier>{819b136d-f0d6-40a8-9e93-a2a1aa79727f}</UniqueIdentifier>
    </Filter>
    <Filter Include="Song\Tracks\InstrumentalTrack\Midi">
      <UniqueIdentifier>{92d3d4e3-5004-49f8-b2fa-d7f2c7f1ac76}</UniqueIdentifier>
    </Filter>
    <Filter Include="TempoMap">
      <UniqueIdentifier>{541496ce-0c36-4fe3-a690-3d96f9abf197}</UniqueIdentifier>
    </Filter>
    <Filter Include="MD5">
      <UniqueIdentifier>{a9a06000-e5f8-48fc-951d-a5359855f8f3}</UniqueIdentifier>
    </Filter>
    <Filter Include="Song Library">
      <UniqueIdentifier>{185b7129-e31a-411a-9c5f-6242cf49aa46}</UniqueIdentifier>
    </Filter>
    <Filter Include="Song Library\Entry">
      <UniqueIdentifier>{f2fe8e7a-dabe-4602-bc2a-5c36f75163c0}</UniqueIdentifier>
    </Filter>
    <Filter Include="Song Library\Entry\Track">
      <UniqueIdentifier>{8e8855ad-4c63-45eb-9cb4-2af7bb3c040c}</UniqueIdentifier>
    </Filter>
    <Filter Include="Song Library\Entry\Track\Instrumental">
      <UniqueIdentifier>{5aea6b12-deea-48a1-b74d-23f563301e49}</UniqueIdentifier>
    </Filter>
    <Filter Include="Song Library\Entry\Track\Vocal">
      <UniqueIdentifier>{014e508f-39e9-4357-910d-b70eeafdaf77}</UniqueIdentifier>
    </Filter>
    <Filter Include="Ini">
      <UniqueIdentifier>{34e6a135-a441-4600-bed3-96e0141fe9ab}</UniqueIdentifier>
    </Filter>
    <Filter Include="PtrWrapper">
      <UniqueIdentifier>{0f91efa1-e2d3-40c7-b9a0-0768d261bf96}</UniqueIdentifier>
    </Filter>
    <Filter Include="TaskQueue">
      <UniqueIdentifier>{61f77ab5-7f6e-4ddd-81c5-372a7dcea9ef}</UniqueIdentifier>
    </Filter>
  </ItemGroup>
  <ItemGroup>
    <ClCompile Include="Serialization\FileReader.cpp">
      <Filter>Serialization\FileReader</Filter>
    </ClCompile>
    <ClCompile Include="Serialization\MidiFileReader.cpp">
      <Filter>Serialization\FileReader</Filter>
    </ClCompile>
    <ClCompile Include="Serialization\TxtFileReader.cpp">
      <Filter>Serialization\FileReader</Filter>
    </ClCompile>
    <ClCompile Include="Serialization\BCHFileReader.cpp">
      <Filter>Serialization\FileReader</Filter>
    </ClCompile>
    <ClCompile Include="Main.cpp" />
    <ClCompile Include="Types\UnicodeString.cpp">
      <Filter>Unicode</Filter>
    </ClCompile>
    <ClCompile Include="Types\utf_utils.cpp">
      <Filter>Unicode</Filter>
    </ClCompile>
    <ClCompile Include="Song\Song.cpp">
      <Filter>Song</Filter>
    </ClCompile>
    <ClCompile Include="Song\Song_cht.cpp">
      <Filter>Song</Filter>
    </ClCompile>
    <ClCompile Include="Song\Song_bch.cpp">
      <Filter>Song</Filter>
    </ClCompile>
    <ClCompile Include="Song\Song_mid.cpp">
      <Filter>Song</Filter>
    </ClCompile>
    <ClCompile Include="Song\Tracks\Instrumental\DrumTrack_midi.cpp">
      <Filter>Song\Tracks\InstrumentalTrack\Midi</Filter>
    </ClCompile>
    <ClCompile Include="Song\Tracks\Instrumental\GuitarTrack_midi.cpp">
      <Filter>Song\Tracks\InstrumentalTrack\Midi</Filter>
    </ClCompile>
    <ClCompile Include="Song\Tracks\Instrumental\Legacy_DrumTrack.cpp">
      <Filter>Song\Tracks\InstrumentalTrack</Filter>
    </ClCompile>
    <ClCompile Include="Notes\VocalNote.cpp">
      <Filter>Notes</Filter>
    </ClCompile>
    <ClCompile Include="Notes\VocalPercussion.cpp">
      <Filter>Notes</Filter>
    </ClCompile>
    <ClCompile Include="Song\Tracks\SpecialPhrase.cpp">
      <Filter>Serialization</Filter>
    </ClCompile>
    <ClCompile Include="Serialization\ChtFileWriter.cpp">
      <Filter>Serialization\FileWriter</Filter>
    </ClCompile>
    <ClCompile Include="Serialization\BCHFileWriter.cpp">
      <Filter>Serialization\FileWriter</Filter>
    </ClCompile>
    <ClCompile Include="Song\Song_chart_V1.cpp">
      <Filter>Song</Filter>
    </ClCompile>
    <ClCompile Include="Types\MD5.cpp">
      <Filter>MD5</Filter>
    </ClCompile>
    <ClCompile Include="Song Library\Entry\LibraryEntry_mid.cpp">
      <Filter>Song Library\Entry</Filter>
    </ClCompile>
    <ClCompile Include="Song Library\Entry\LibraryEntry.cpp">
      <Filter>Song Library\Entry</Filter>
    </ClCompile>
    <ClCompile Include="Song Library\Entry\LibraryEntry_bch.cpp">
      <Filter>Song Library\Entry</Filter>
    </ClCompile>
    <ClCompile Include="Song Library\Entry\LibraryEntry_chart_V1.cpp">
      <Filter>Song Library\Entry</Filter>
    </ClCompile>
    <ClCompile Include="Song Library\Entry\LibraryEntry_cht.cpp">
      <Filter>Song Library\Entry</Filter>
    </ClCompile>
    <ClCompile Include="Song Library\Entry\GuitarScan_midi.cpp">
      <Filter>Song Library\Entry\Track\Instrumental</Filter>
    </ClCompile>
    <ClCompile Include="Song Library\Entry\Legacy_DrumScan.cpp">
      <Filter>Song Library\Entry\Track\Instrumental</Filter>
    </ClCompile>
    <ClCompile Include="Serialization\ChtFileReader.cpp">
      <Filter>Serialization\FileReader</Filter>
    </ClCompile>
    <ClCompile Include="Serialization\IniFileReader.cpp">
      <Filter>Serialization\FileReader</Filter>
    </ClCompile>
    <ClCompile Include="Serialization\TxtFileWriter.cpp">
      <Filter>Serialization\FileWriter</Filter>
    </ClCompile>
    <ClCompile Include="Serialization\IniFileWriter.cpp">
      <Filter>Serialization\FileWriter</Filter>
    </ClCompile>
    <ClCompile Include="Song Library\Entry\LibraryEntry_Ini.cpp">
      <Filter>Song Library\Entry</Filter>
    </ClCompile>
    <ClCompile Include="Ini\Ini.cpp">
      <Filter>Ini</Filter>
    </ClCompile>
    <ClCompile Include="Song Library\SongLibrary.cpp">
      <Filter>Song Library</Filter>
    </ClCompile>
    <ClCompile Include="Serialization\LoadedFile.cpp">
      <Filter>Serialization\FileReader</Filter>
    </ClCompile>
    <ClCompile Include="Serialization\BufferedBinaryWriter.cpp">
      <Filter>Serialization\FileWriter</Filter>
    </ClCompile>
    <ClCompile Include="Serialization\BufferedBinaryReader.cpp">
      <Filter>Serialization\FileReader</Filter>
    </ClCompile>
    <ClCompile Include="Song\Song_ini.cpp">
      <Filter>Song</Filter>
    </ClCompile>
    <ClCompile Include="Notes\GuitarNote.cpp">
      <Filter>Notes</Filter>
    </ClCompile>
    <ClCompile Include="Serialization\MidiFileWriter.cpp">
      <Filter>Serialization\FileWriter</Filter>
    </ClCompile>
    <ClCompile Include="Notes\NoteColor.cpp">
      <Filter>Notes</Filter>
    </ClCompile>
    <ClCompile Include="Song\Tracks\Instrumental\GuitarForcing.cpp">
      <Filter>Song\Tracks\InstrumentalTrack</Filter>
    </ClCompile>
    <ClCompile Include="TaskQueue\TaskQueue.cpp">
      <Filter>TaskQueue</Filter>
    </ClCompile>
  </ItemGroup>
  <ItemGroup>
    <ClInclude Include="Serialization\FileReader.h">
      <Filter>Serialization\FileReader</Filter>
    </ClInclude>
    <ClInclude Include="Serialization\BinaryFileReader.h">
      <Filter>Serialization\FileReader</Filter>
    </ClInclude>
    <ClInclude Include="Serialization\MidiFileReader.h">
      <Filter>Serialization\FileReader</Filter>
    </ClInclude>
    <ClInclude Include="Serialization\TxtFileReader.h">
      <Filter>Serialization\FileReader</Filter>
    </ClInclude>
    <ClInclude Include="Serialization\BCHFileReader.h">
      <Filter>Serialization\FileReader</Filter>
    </ClInclude>
    <ClInclude Include="Types\UnicodeString.h">
      <Filter>Unicode</Filter>
    </ClInclude>
    <ClInclude Include="Types\utf_utils.h">
      <Filter>Unicode</Filter>
    </ClInclude>
    <ClInclude Include="SimpleFlatMap\SimpleFlatMap.h">
      <Filter>SimpleFlatMap</Filter>
    </ClInclude>
    <ClInclude Include="Notes\Notes.h">
      <Filter>Notes</Filter>
    </ClInclude>
    <ClInclude Include="Notes\Notes_Special.h">
      <Filter>Notes</Filter>
    </ClInclude>
    <ClInclude Include="Notes\GuitarNote.h">
      <Filter>Notes</Filter>
    </ClInclude>
    <ClInclude Include="Notes\DrumNote.h">
      <Filter>Notes</Filter>
    </ClInclude>
    <ClInclude Include="Song\Song.h">
      <Filter>Song</Filter>
    </ClInclude>
    <ClInclude Include="Notes\Keys.h">
      <Filter>Notes</Filter>
    </ClInclude>
    <ClInclude Include="Notes\NoteColor.h">
      <Filter>Notes</Filter>
    </ClInclude>
    <ClInclude Include="Notes\DrumNote_Legacy.h">
      <Filter>Notes</Filter>
    </ClInclude>
    <ClInclude Include="Serialization\BinaryFileWriter.h">
      <Filter>Serialization\FileWriter</Filter>
    </ClInclude>
    <ClInclude Include="Serialization\ChtFileWriter.h">
      <Filter>Serialization\FileWriter</Filter>
    </ClInclude>
    <ClInclude Include="Serialization\CommonChartParser.h">
      <Filter>Serialization\FileReader</Filter>
    </ClInclude>
    <ClInclude Include="Serialization\CommonChartWriter.h">
      <Filter>Serialization\FileWriter</Filter>
    </ClInclude>
    <ClInclude Include="Serialization\CommonChartTypes.h">
      <Filter>Serialization</Filter>
    </ClInclude>
    <ClInclude Include="Song\Tracks\Track.h">
      <Filter>Song\Tracks</Filter>
    </ClInclude>
    <ClInclude Include="Song\Tracks\Vocal\VocalTrack.h">
      <Filter>Song\Tracks\VocalTrack</Filter>
    </ClInclude>
    <ClInclude Include="Song\Tracks\Instrumental\DrumTrack_midi.h">
      <Filter>Song\Tracks\InstrumentalTrack\Midi</Filter>
    </ClInclude>
    <ClInclude Include="Song\Tracks\Instrumental\GuitarTrack_midi.h">
      <Filter>Song\Tracks\InstrumentalTrack\Midi</Filter>
    </ClInclude>
    <ClInclude Include="Song\Tracks\Instrumental\InstrumentalTrack.h">
      <Filter>Song\Tracks\InstrumentalTrack</Filter>
    </ClInclude>
    <ClInclude Include="Song\Tracks\Instrumental\Legacy_DrumTrack.h">
      <Filter>Song\Tracks\InstrumentalTrack</Filter>
    </ClInclude>
    <ClInclude Include="Notes\VocalNote.h">
      <Filter>Notes</Filter>
    </ClInclude>
    <ClInclude Include="Notes\VocalPercussion.h">
      <Filter>Notes</Filter>
    </ClInclude>
    <ClInclude Include="Song\Tracks\SpecialPhrase.h">
      <Filter>Serialization</Filter>
    </ClInclude>
    <ClInclude Include="Serialization\TxtFileWriter.h">
      <Filter>Serialization\FileWriter</Filter>
    </ClInclude>
    <ClInclude Include="Serialization\ChtConstants.h">
      <Filter>Serialization</Filter>
    </ClInclude>
    <ClInclude Include="Serialization\BCHFileWriter.h">
      <Filter>Serialization\FileWriter</Filter>
    </ClInclude>
    <ClInclude Include="Notes\Pitch.h">
      <Filter>Serialization</Filter>
    </ClInclude>
    <ClInclude Include="Notes\NoteName.h">
      <Filter>Serialization</Filter>
    </ClInclude>
    <ClInclude Include="Song\TimeSig.h">
      <Filter>TempoMap</Filter>
    </ClInclude>
    <ClInclude Include="Song\MicrosPerQuarter.h">
      <Filter>TempoMap</Filter>
    </ClInclude>
    <ClInclude Include="Types\MD5.h">
      <Filter>MD5</Filter>
    </ClInclude>
    <ClInclude Include="Song Library\Entry\ScanTrack.h">
      <Filter>Song Library\Entry\Track</Filter>
    </ClInclude>
    <ClInclude Include="Song Library\Entry\LibraryEntry.h">
      <Filter>Song Library\Entry</Filter>
    </ClInclude>
    <ClInclude Include="Song Library\Entry\DrumScan_midi.h">
      <Filter>Song Library\Entry\Track\Instrumental</Filter>
    </ClInclude>
    <ClInclude Include="Song Library\Entry\GuitarScan_midi.h">
      <Filter>Song Library\Entry\Track\Instrumental</Filter>
    </ClInclude>
    <ClInclude Include="Song Library\Entry\InstrumentalScan.h">
      <Filter>Song Library\Entry\Track\Instrumental</Filter>
    </ClInclude>
    <ClInclude Include="Song Library\Entry\Legacy_DrumScan.h">
      <Filter>Song Library\Entry\Track\Instrumental</Filter>
    </ClInclude>
    <ClInclude Include="Song Library\Entry\VocalScan.h">
      <Filter>Song Library\Entry\Track\Vocal</Filter>
    </ClInclude>
    <ClInclude Include="Serialization\ChtFileReader.h">
      <Filter>Serialization\FileReader</Filter>
    </ClInclude>
    <ClInclude Include="Serialization\IniFileReader.h">
      <Filter>Serialization\FileReader</Filter>
    </ClInclude>
    <ClInclude Include="Serialization\Modifiers.h">
      <Filter>Serialization</Filter>
    </ClInclude>
    <ClInclude Include="Serialization\IniFileWriter.h">
      <Filter>Serialization\FileWriter</Filter>
    </ClInclude>
    <ClInclude Include="Ini\Ini.h">
      <Filter>Ini</Filter>
    </ClInclude>
    <ClInclude Include="Song Library\SongLibrary.h">
      <Filter>Song Library</Filter>
    </ClInclude>
    <ClInclude Include="Serialization\LoadedFile.h">
      <Filter>Serialization\FileReader</Filter>
    </ClInclude>
    <ClInclude Include="PtrWrapper\PtrWrapper.h">
      <Filter>PtrWrapper</Filter>
    </ClInclude>
    <ClInclude Include="Song Library\LibraryCategory.h">
      <Filter>Song Library</Filter>
    </ClInclude>
    <ClInclude Include="Serialization\BufferedBinaryWriter.h">
      <Filter>Serialization\FileWriter</Filter>
    </ClInclude>
    <ClInclude Include="Serialization\BufferedBinaryReader.h">
      <Filter>Serialization\FileReader</Filter>
    </ClInclude>
    <ClInclude Include="Serialization\MidiFileWriter.h">
      <Filter>Serialization\FileWriter</Filter>
    </ClInclude>
    <ClInclude Include="Serialization\MidiStructs.h">
      <Filter>Serialization</Filter>
    </ClInclude>
    <ClInclude Include="Song\Tracks\Instrumental\DifficultyTrack.h">
      <Filter>Song\Tracks\InstrumentalTrack</Filter>
    </ClInclude>
    <ClInclude Include="Song\Tracks\Instrumental\GuitarForcing.h">
      <Filter>Song\Tracks\InstrumentalTrack</Filter>
    </ClInclude>
    <ClInclude Include="Song\Tracks\Instrumental\Midi_Hold.h">
      <Filter>Song\Tracks\InstrumentalTrack\Midi</Filter>
    </ClInclude>
    <ClInclude Include="TaskQueue\TaskQueue.h">
      <Filter>TaskQueue</Filter>
    </ClInclude>
  </ItemGroup>
  <ItemGroup>
    <Natvis Include="Types\UnicodeString.natvis">
      <Filter>Unicode</Filter>
    </Natvis>
    <Natvis Include="Serialization\Modifier.natvis">
      <Filter>Serialization</Filter>
    </Natvis>
  </ItemGroup>
</Project>